
Microsoft Visual Studio Solution File, Format Version 12.00
# Visual Studio Version 17
VisualStudioVersion = 17.9.34701.34
MinimumVisualStudioVersion = 10.0.40219.1
Project("{FAE04EC0-301F-11D3-BF4B-00C04F79EFBC}") = "Question1_Characters", "Question1_Characters\Question1_Characters.csproj", "{FFB3734B-24CA-4514-96FC-95D46EECAED4}"
EndProject
Project("{FAE04EC0-301F-11D3-BF4B-00C04F79EFBC}") = "Question2_And_3", "Question2_And_3\Question2_And_3.csproj", "{DB5EED34-917D-42DD-858C-93BC7977CA8D}"
EndProject
Global
	GlobalSection(SolutionConfigurationPlatforms) = preSolution
		Debug|Any CPU = Debug|Any CPU
		Release|Any CPU = Release|Any CPU
	EndGlobalSection
	GlobalSection(ProjectConfigurationPlatforms) = postSolution
		{FFB3734B-24CA-4514-96FC-95D46EECAED4}.Debug|Any CPU.ActiveCfg = Debug|Any CPU
		{FFB3734B-24CA-4514-96FC-95D46EECAED4}.Debug|Any CPU.Build.0 = Debug|Any CPU
		{FFB3734B-24CA-4514-96FC-95D46EECAED4}.Release|Any CPU.ActiveCfg = Release|Any CPU
		{FFB3734B-24CA-4514-96FC-95D46EECAED4}.Release|Any CPU.Build.0 = Release|Any CPU
		{DB5EED34-917D-42DD-858C-93BC7977CA8D}.Debug|Any CPU.ActiveCfg = Debug|Any CPU
		{DB5EED34-917D-42DD-858C-93BC7977CA8D}.Debug|Any CPU.Build.0 = Debug|Any CPU
		{DB5EED34-917D-42DD-858C-93BC7977CA8D}.Release|Any CPU.ActiveCfg = Release|Any CPU
		{DB5EED34-917D-42DD-858C-93BC7977CA8D}.Release|Any CPU.Build.0 = Release|Any CPU
	EndGlobalSection
	GlobalSection(SolutionProperties) = preSolution
		HideSolutionNode = FALSE
	EndGlobalSection
	GlobalSection(ExtensibilityGlobals) = postSolution
		SolutionGuid = {7EE66918-6561-4A2D-AF54-63F2C53CE3EB}
	EndGlobalSection
EndGlobal
